
Microsoft Visual Studio Solution File, Format Version 12.00
# Visual Studio 2012
Project("{FAE04EC0-301F-11D3-BF4B-00C04F79EFBC}") = "DemoWebApp", "DemoWebApp\DemoWebApp.csproj", "{AC5EA70C-DFCE-4D78-8235-744A0B24BF11}"
EndProject
Project("{FAE04EC0-301F-11D3-BF4B-00C04F79EFBC}") = "Abstracts", "Abstracts\Abstracts.csproj", "{ECCCA882-C58D-446D-9CBE-A6695D64850F}"
EndProject
Project("{FAE04EC0-301F-11D3-BF4B-00C04F79EFBC}") = "RavenDbDal", "RavenDbDal\RavenDbDal.csproj", "{706AAEA9-5FD6-44CC-A74E-2F6B8AAC8380}"
EndProject
Global
	GlobalSection(SolutionConfigurationPlatforms) = preSolution
		Debug|Any CPU = Debug|Any CPU
		Release|Any CPU = Release|Any CPU
	EndGlobalSection
	GlobalSection(ProjectConfigurationPlatforms) = postSolution
		{AC5EA70C-DFCE-4D78-8235-744A0B24BF11}.Debug|Any CPU.ActiveCfg = Debug|Any CPU
		{AC5EA70C-DFCE-4D78-8235-744A0B24BF11}.Debug|Any CPU.Build.0 = Debug|Any CPU
		{AC5EA70C-DFCE-4D78-8235-744A0B24BF11}.Release|Any CPU.ActiveCfg = Release|Any CPU
		{AC5EA70C-DFCE-4D78-8235-744A0B24BF11}.Release|Any CPU.Build.0 = Release|Any CPU
		{ECCCA882-C58D-446D-9CBE-A6695D64850F}.Debug|Any CPU.ActiveCfg = Debug|Any CPU
		{ECCCA882-C58D-446D-9CBE-A6695D64850F}.Debug|Any CPU.Build.0 = Debug|Any CPU
		{ECCCA882-C58D-446D-9CBE-A6695D64850F}.Release|Any CPU.ActiveCfg = Release|Any CPU
		{ECCCA882-C58D-446D-9CBE-A6695D64850F}.Release|Any CPU.Build.0 = Release|Any CPU
		{706AAEA9-5FD6-44CC-A74E-2F6B8AAC8380}.Debug|Any CPU.ActiveCfg = Debug|Any CPU
		{706AAEA9-5FD6-44CC-A74E-2F6B8AAC8380}.Debug|Any CPU.Build.0 = Debug|Any CPU
		{706AAEA9-5FD6-44CC-A74E-2F6B8AAC8380}.Release|Any CPU.ActiveCfg = Release|Any CPU
		{706AAEA9-5FD6-44CC-A74E-2F6B8AAC8380}.Release|Any CPU.Build.0 = Release|Any CPU
	EndGlobalSection
	GlobalSection(SolutionProperties) = preSolution
		HideSolutionNode = FALSE
	EndGlobalSection
EndGlobal
